
Microsoft Visual Studio Solution File, Format Version 12.00
# Visual Studio Version 17
VisualStudioVersion = 17.9.34622.214
MinimumVisualStudioVersion = 10.0.40219.1
Project("{FAE04EC0-301F-11D3-BF4B-00C04F79EFBC}") = "lab_5_clients", "lab_5_clients.csproj", "{81608CF9-7A64-4051-B0D0-4344E3F95B9B}"
EndProject
Global
	GlobalSection(SolutionConfigurationPlatforms) = preSolution
		Debug|Any CPU = Debug|Any CPU
		Release|Any CPU = Release|Any CPU
	EndGlobalSection
	GlobalSection(ProjectConfigurationPlatforms) = postSolution
		{81608CF9-7A64-4051-B0D0-4344E3F95B9B}.Debug|Any CPU.ActiveCfg = Debug|Any CPU
		{81608CF9-7A64-4051-B0D0-4344E3F95B9B}.Debug|Any CPU.Build.0 = Debug|Any CPU
		{81608CF9-7A64-4051-B0D0-4344E3F95B9B}.Release|Any CPU.ActiveCfg = Release|Any CPU
		{81608CF9-7A64-4051-B0D0-4344E3F95B9B}.Release|Any CPU.Build.0 = Release|Any CPU
	EndGlobalSection
	GlobalSection(SolutionProperties) = preSolution
		HideSolutionNode = FALSE
	EndGlobalSection
	GlobalSection(ExtensibilityGlobals) = postSolution
		SolutionGuid = {5B4B53E1-62D3-4102-AA89-30159F2C0444}
	EndGlobalSection
EndGlobal
